// !$*UTF8*$!
{
	archiveVersion = 1;
	classes = {
	};
	objectVersion = 46;
	objects = {

/* Begin PBXAggregateTarget section */
		6E7F8AA81BF997EC00FC9C8D /* R.Swift */ = {
			isa = PBXAggregateTarget;
			buildConfigurationList = 6E7F8AAB1BF997EC00FC9C8D /* Build configuration list for PBXAggregateTarget "R.Swift" */;
			buildPhases = (
				6E7F8AAC1BF997F500FC9C8D /* Run Script */,
			);
			dependencies = (
			);
			name = R.Swift;
			productName = R.Swift;
		};
/* End PBXAggregateTarget section */

/* Begin PBXBuildFile section */
		6E7F8ABC1BF9989000FC9C8D /* CloudKit.framework in Frameworks */ = {isa = PBXBuildFile; fileRef = 6E7F8AAE1BF9985000FC9C8D /* CloudKit.framework */; };
		6ED614FA1C00245F00DB75C2 /* NewStoreViewController.swift in Sources */ = {isa = PBXBuildFile; fileRef = 6ED614F91C00245F00DB75C2 /* NewStoreViewController.swift */; };
		6ED615051C0032A600DB75C2 /* Cache.swift in Sources */ = {isa = PBXBuildFile; fileRef = 6ED615041C0032A600DB75C2 /* Cache.swift */; };
		6ED615071C00395700DB75C2 /* Preferences.swift in Sources */ = {isa = PBXBuildFile; fileRef = 6ED615061C00395700DB75C2 /* Preferences.swift */; };
		6ED615091C00396D00DB75C2 /* Version.swift in Sources */ = {isa = PBXBuildFile; fileRef = 6ED615081C00396D00DB75C2 /* Version.swift */; };
		6ED6150B1C00397500DB75C2 /* ErrorAlert.swift in Sources */ = {isa = PBXBuildFile; fileRef = 6ED6150A1C00397500DB75C2 /* ErrorAlert.swift */; };
		6ED6150E1C00397F00DB75C2 /* LocalizedText.swift in Sources */ = {isa = PBXBuildFile; fileRef = 6ED6150C1C00397F00DB75C2 /* LocalizedText.swift */; };
		6ED6150F1C00397F00DB75C2 /* LocalizedDescription.swift in Sources */ = {isa = PBXBuildFile; fileRef = 6ED6150D1C00397F00DB75C2 /* LocalizedDescription.swift */; };
		6ED615111C003E2F00DB75C2 /* MainQueue.swift in Sources */ = {isa = PBXBuildFile; fileRef = 6ED615101C003E2F00DB75C2 /* MainQueue.swift */; };
		6ED615131C00531500DB75C2 /* CoreCatalog.framework in Frameworks */ = {isa = PBXBuildFile; fileRef = 6EFD84A51BFA20230015975F /* CoreCatalog.framework */; };
		6ED615141C00531500DB75C2 /* CoreCatalog.framework in Embed Frameworks */ = {isa = PBXBuildFile; fileRef = 6EFD84A51BFA20230015975F /* CoreCatalog.framework */; settings = {ATTRIBUTES = (CodeSignOnCopy, RemoveHeadersOnCopy, ); }; };
		6ED6151C1C0053A900DB75C2 /* JTSImage.framework.dSYM in Copy Debug Symbols */ = {isa = PBXBuildFile; fileRef = 6E7F8AB41BF9985000FC9C8D /* JTSImage.framework.dSYM */; };
		6ED6151D1C0053A900DB75C2 /* b64.framework.dSYM in Copy Debug Symbols */ = {isa = PBXBuildFile; fileRef = 6E7F8AB51BF9985000FC9C8D /* b64.framework.dSYM */; };
		6ED6151E1C0053A900DB75C2 /* JGProgressHUD.framework.dSYM in Copy Debug Symbols */ = {isa = PBXBuildFile; fileRef = 6E7F8AB61BF9985000FC9C8D /* JGProgressHUD.framework.dSYM */; };
		6ED6151F1C0053A900DB75C2 /* JSON.framework.dSYM in Copy Debug Symbols */ = {isa = PBXBuildFile; fileRef = 6E7F8AB71BF9985000FC9C8D /* JSON.framework.dSYM */; };
		6ED615201C0053A900DB75C2 /* SwiftFoundation.framework.dSYM in Copy Debug Symbols */ = {isa = PBXBuildFile; fileRef = 6E7F8AB81BF9985000FC9C8D /* SwiftFoundation.framework.dSYM */; };
		6ED615221C00541100DB75C2 /* R.generated.swift in Sources */ = {isa = PBXBuildFile; fileRef = 6ED615211C00541100DB75C2 /* R.generated.swift */; };
		6EE3FBA01BEEF5F900C9CC3B /* AppDelegate.swift in Sources */ = {isa = PBXBuildFile; fileRef = 6EE3FB9F1BEEF5F900C9CC3B /* AppDelegate.swift */; };
		6EE3FBA21BEEF5F900C9CC3B /* ViewController.swift in Sources */ = {isa = PBXBuildFile; fileRef = 6EE3FBA11BEEF5F900C9CC3B /* ViewController.swift */; };
		6EE3FBA51BEEF5F900C9CC3B /* Main.storyboard in Resources */ = {isa = PBXBuildFile; fileRef = 6EE3FBA31BEEF5F900C9CC3B /* Main.storyboard */; };
		6EE3FBA71BEEF5F900C9CC3B /* Assets.xcassets in Resources */ = {isa = PBXBuildFile; fileRef = 6EE3FBA61BEEF5F900C9CC3B /* Assets.xcassets */; };
		6EE3FBAA1BEEF5F900C9CC3B /* LaunchScreen.storyboard in Resources */ = {isa = PBXBuildFile; fileRef = 6EE3FBA81BEEF5F900C9CC3B /* LaunchScreen.storyboard */; };
		6EE3FBB51BEEF5F900C9CC3B /* CatalogAdminUITests.swift in Sources */ = {isa = PBXBuildFile; fileRef = 6EE3FBB41BEEF5F900C9CC3B /* CatalogAdminUITests.swift */; };
/* End PBXBuildFile section */

/* Begin PBXContainerItemProxy section */
		6ED614FE1C002CB400DB75C2 /* PBXContainerItemProxy */ = {
			isa = PBXContainerItemProxy;
			containerPortal = 6E7F8ABA1BF9985000FC9C8D /* CoreCatalog.xcodeproj */;
			proxyType = 1;
			remoteGlobalIDString = 6EE3FBBF1BEEF63B00C9CC3B;
			remoteInfo = "CoreCatalog iOS";
		};
		6ED615151C00531500DB75C2 /* PBXContainerItemProxy */ = {
			isa = PBXContainerItemProxy;
			containerPortal = 6E7F8ABA1BF9985000FC9C8D /* CoreCatalog.xcodeproj */;
			proxyType = 1;
			remoteGlobalIDString = 6EE3FBBF1BEEF63B00C9CC3B;
			remoteInfo = "CoreCatalog iOS";
		};
		6ED615191C00538E00DB75C2 /* PBXContainerItemProxy */ = {
			isa = PBXContainerItemProxy;
			containerPortal = 6EE3FB941BEEF5F900C9CC3B /* Project object */;
			proxyType = 1;
			remoteGlobalIDString = 6E7F8AA81BF997EC00FC9C8D;
			remoteInfo = R.Swift;
		};
		6EE3FBB11BEEF5F900C9CC3B /* PBXContainerItemProxy */ = {
			isa = PBXContainerItemProxy;
			containerPortal = 6EE3FB941BEEF5F900C9CC3B /* Project object */;
			proxyType = 1;
			remoteGlobalIDString = 6EE3FB9B1BEEF5F900C9CC3B;
			remoteInfo = CatalogAdmin;
		};
		6EFD84A01BFA20230015975F /* PBXContainerItemProxy */ = {
			isa = PBXContainerItemProxy;
			containerPortal = 6E7F8ABA1BF9985000FC9C8D /* CoreCatalog.xcodeproj */;
			proxyType = 2;
			remoteGlobalIDString = 6EE054F01BE89B5A00F31720;
			remoteInfo = "CoreCatalog OS X";
		};
		6EFD84A21BFA20230015975F /* PBXContainerItemProxy */ = {
			isa = PBXContainerItemProxy;
			containerPortal = 6E7F8ABA1BF9985000FC9C8D /* CoreCatalog.xcodeproj */;
			proxyType = 2;
			remoteGlobalIDString = 6EE054FA1BE89B5A00F31720;
			remoteInfo = CoreCatalogTests;
		};
		6EFD84A41BFA20230015975F /* PBXContainerItemProxy */ = {
			isa = PBXContainerItemProxy;
			containerPortal = 6E7F8ABA1BF9985000FC9C8D /* CoreCatalog.xcodeproj */;
			proxyType = 2;
			remoteGlobalIDString = 6EE3FBCD1BEEF63B00C9CC3B;
			remoteInfo = "CoreCatalog iOS";
		};
/* End PBXContainerItemProxy section */

/* Begin PBXCopyFilesBuildPhase section */
		6ED615171C00531500DB75C2 /* Embed Frameworks */ = {
			isa = PBXCopyFilesBuildPhase;
			buildActionMask = 2147483647;
			dstPath = "";
			dstSubfolderSpec = 10;
			files = (
				6ED615141C00531500DB75C2 /* CoreCatalog.framework in Embed Frameworks */,
			);
			name = "Embed Frameworks";
			runOnlyForDeploymentPostprocessing = 0;
		};
		6ED6151B1C00539400DB75C2 /* Copy Debug Symbols */ = {
			isa = PBXCopyFilesBuildPhase;
			buildActionMask = 2147483647;
			dstPath = "";
			dstSubfolderSpec = 16;
			files = (
				6ED6151C1C0053A900DB75C2 /* JTSImage.framework.dSYM in Copy Debug Symbols */,
				6ED6151D1C0053A900DB75C2 /* b64.framework.dSYM in Copy Debug Symbols */,
				6ED6151E1C0053A900DB75C2 /* JGProgressHUD.framework.dSYM in Copy Debug Symbols */,
				6ED6151F1C0053A900DB75C2 /* JSON.framework.dSYM in Copy Debug Symbols */,
				6ED615201C0053A900DB75C2 /* SwiftFoundation.framework.dSYM in Copy Debug Symbols */,
			);
			name = "Copy Debug Symbols";
			runOnlyForDeploymentPostprocessing = 0;
		};
/* End PBXCopyFilesBuildPhase section */

/* Begin PBXFileReference section */
		6E7F8AAD1BF9985000FC9C8D /* MapKit.framework */ = {isa = PBXFileReference; lastKnownFileType = wrapper.framework; name = MapKit.framework; path = /Applications/Xcode.app/Contents/Developer/Platforms/iPhoneOS.platform/Developer/SDKs/iPhoneOS9.1.sdk/System/Library/Frameworks/MapKit.framework; sourceTree = "<absolute>"; };
		6E7F8AAE1BF9985000FC9C8D /* CloudKit.framework */ = {isa = PBXFileReference; lastKnownFileType = wrapper.framework; name = CloudKit.framework; path = /Applications/Xcode.app/Contents/Developer/Platforms/iPhoneOS.platform/Developer/SDKs/iPhoneOS9.1.sdk/System/Library/Frameworks/CloudKit.framework; sourceTree = "<absolute>"; };
		6E7F8AAF1BF9985000FC9C8D /* b64.framework */ = {isa = PBXFileReference; lastKnownFileType = wrapper.framework; name = b64.framework; path = ../Carthage/Build/iOS/b64.framework; sourceTree = "<group>"; };
		6E7F8AB01BF9985000FC9C8D /* JGProgressHUD.framework */ = {isa = PBXFileReference; lastKnownFileType = wrapper.framework; name = JGProgressHUD.framework; path = ../Carthage/Build/iOS/JGProgressHUD.framework; sourceTree = "<group>"; };
		6E7F8AB11BF9985000FC9C8D /* JSON.framework */ = {isa = PBXFileReference; lastKnownFileType = wrapper.framework; name = JSON.framework; path = ../Carthage/Build/iOS/JSON.framework; sourceTree = "<group>"; };
		6E7F8AB21BF9985000FC9C8D /* SwiftFoundation.framework */ = {isa = PBXFileReference; lastKnownFileType = wrapper.framework; name = SwiftFoundation.framework; path = ../Carthage/Build/iOS/SwiftFoundation.framework; sourceTree = "<group>"; };
		6E7F8AB31BF9985000FC9C8D /* JTSImage.framework */ = {isa = PBXFileReference; lastKnownFileType = wrapper.framework; name = JTSImage.framework; path = ../Carthage/Build/iOS/JTSImage.framework; sourceTree = "<group>"; };
		6E7F8AB41BF9985000FC9C8D /* JTSImage.framework.dSYM */ = {isa = PBXFileReference; lastKnownFileType = wrapper.dsym; name = JTSImage.framework.dSYM; path = ../Carthage/Build/iOS/JTSImage.framework.dSYM; sourceTree = "<group>"; };
		6E7F8AB51BF9985000FC9C8D /* b64.framework.dSYM */ = {isa = PBXFileReference; lastKnownFileType = wrapper.dsym; name = b64.framework.dSYM; path = ../Carthage/Build/iOS/b64.framework.dSYM; sourceTree = "<group>"; };
		6E7F8AB61BF9985000FC9C8D /* JGProgressHUD.framework.dSYM */ = {isa = PBXFileReference; lastKnownFileType = wrapper.dsym; name = JGProgressHUD.framework.dSYM; path = ../Carthage/Build/iOS/JGProgressHUD.framework.dSYM; sourceTree = "<group>"; };
		6E7F8AB71BF9985000FC9C8D /* JSON.framework.dSYM */ = {isa = PBXFileReference; lastKnownFileType = wrapper.dsym; name = JSON.framework.dSYM; path = ../Carthage/Build/iOS/JSON.framework.dSYM; sourceTree = "<group>"; };
		6E7F8AB81BF9985000FC9C8D /* SwiftFoundation.framework.dSYM */ = {isa = PBXFileReference; lastKnownFileType = wrapper.dsym; name = SwiftFoundation.framework.dSYM; path = ../Carthage/Build/iOS/SwiftFoundation.framework.dSYM; sourceTree = "<group>"; };
		6E7F8ABA1BF9985000FC9C8D /* CoreCatalog.xcodeproj */ = {isa = PBXFileReference; lastKnownFileType = "wrapper.pb-project"; name = CoreCatalog.xcodeproj; path = ../CoreCatalog/CoreCatalog.xcodeproj; sourceTree = "<group>"; };
		6ED614F91C00245F00DB75C2 /* NewStoreViewController.swift */ = {isa = PBXFileReference; fileEncoding = 4; lastKnownFileType = sourcecode.swift; path = NewStoreViewController.swift; sourceTree = "<group>"; };
		6ED615041C0032A600DB75C2 /* Cache.swift */ = {isa = PBXFileReference; fileEncoding = 4; lastKnownFileType = sourcecode.swift; path = Cache.swift; sourceTree = "<group>"; };
		6ED615061C00395700DB75C2 /* Preferences.swift */ = {isa = PBXFileReference; fileEncoding = 4; lastKnownFileType = sourcecode.swift; path = Preferences.swift; sourceTree = "<group>"; };
		6ED615081C00396D00DB75C2 /* Version.swift */ = {isa = PBXFileReference; fileEncoding = 4; lastKnownFileType = sourcecode.swift; path = Version.swift; sourceTree = "<group>"; };
		6ED6150A1C00397500DB75C2 /* ErrorAlert.swift */ = {isa = PBXFileReference; fileEncoding = 4; lastKnownFileType = sourcecode.swift; path = ErrorAlert.swift; sourceTree = "<group>"; };
		6ED6150C1C00397F00DB75C2 /* LocalizedText.swift */ = {isa = PBXFileReference; fileEncoding = 4; lastKnownFileType = sourcecode.swift; path = LocalizedText.swift; sourceTree = "<group>"; };
		6ED6150D1C00397F00DB75C2 /* LocalizedDescription.swift */ = {isa = PBXFileReference; fileEncoding = 4; lastKnownFileType = sourcecode.swift; path = LocalizedDescription.swift; sourceTree = "<group>"; };
		6ED615101C003E2F00DB75C2 /* MainQueue.swift */ = {isa = PBXFileReference; fileEncoding = 4; lastKnownFileType = sourcecode.swift; path = MainQueue.swift; sourceTree = "<group>"; };
		6ED615211C00541100DB75C2 /* R.generated.swift */ = {isa = PBXFileReference; fileEncoding = 4; lastKnownFileType = sourcecode.swift; path = R.generated.swift; sourceTree = SOURCE_ROOT; };
		6EE3FB9C1BEEF5F900C9CC3B /* CatalogAdmin.app */ = {isa = PBXFileReference; explicitFileType = wrapper.application; includeInIndex = 0; path = CatalogAdmin.app; sourceTree = BUILT_PRODUCTS_DIR; };
		6EE3FB9F1BEEF5F900C9CC3B /* AppDelegate.swift */ = {isa = PBXFileReference; lastKnownFileType = sourcecode.swift; path = AppDelegate.swift; sourceTree = "<group>"; };
		6EE3FBA11BEEF5F900C9CC3B /* ViewController.swift */ = {isa = PBXFileReference; lastKnownFileType = sourcecode.swift; path = ViewController.swift; sourceTree = "<group>"; };
		6EE3FBA41BEEF5F900C9CC3B /* Base */ = {isa = PBXFileReference; lastKnownFileType = file.storyboard; name = Base; path = Base.lproj/Main.storyboard; sourceTree = "<group>"; };
		6EE3FBA61BEEF5F900C9CC3B /* Assets.xcassets */ = {isa = PBXFileReference; lastKnownFileType = folder.assetcatalog; path = Assets.xcassets; sourceTree = "<group>"; };
		6EE3FBA91BEEF5F900C9CC3B /* Base */ = {isa = PBXFileReference; lastKnownFileType = file.storyboard; name = Base; path = Base.lproj/LaunchScreen.storyboard; sourceTree = "<group>"; };
		6EE3FBAB1BEEF5F900C9CC3B /* Info.plist */ = {isa = PBXFileReference; lastKnownFileType = text.plist.xml; path = Info.plist; sourceTree = "<group>"; };
		6EE3FBB01BEEF5F900C9CC3B /* CatalogAdminUITests.xctest */ = {isa = PBXFileReference; explicitFileType = wrapper.cfbundle; includeInIndex = 0; path = CatalogAdminUITests.xctest; sourceTree = BUILT_PRODUCTS_DIR; };
		6EE3FBB41BEEF5F900C9CC3B /* CatalogAdminUITests.swift */ = {isa = PBXFileReference; lastKnownFileType = sourcecode.swift; path = CatalogAdminUITests.swift; sourceTree = "<group>"; };
		6EE3FBB61BEEF5F900C9CC3B /* Info.plist */ = {isa = PBXFileReference; lastKnownFileType = text.plist.xml; path = Info.plist; sourceTree = "<group>"; };
		6EFC75D11BF58593002A4822 /* CatalogAdmin.entitlements */ = {isa = PBXFileReference; lastKnownFileType = text.xml; path = CatalogAdmin.entitlements; sourceTree = "<group>"; };
/* End PBXFileReference section */

/* Begin PBXFrameworksBuildPhase section */
		6EE3FB991BEEF5F900C9CC3B /* Frameworks */ = {
			isa = PBXFrameworksBuildPhase;
			buildActionMask = 2147483647;
			files = (
				6ED615131C00531500DB75C2 /* CoreCatalog.framework in Frameworks */,
				6E7F8ABC1BF9989000FC9C8D /* CloudKit.framework in Frameworks */,
			);
			runOnlyForDeploymentPostprocessing = 0;
		};
		6EE3FBAD1BEEF5F900C9CC3B /* Frameworks */ = {
			isa = PBXFrameworksBuildPhase;
			buildActionMask = 2147483647;
			files = (
			);
			runOnlyForDeploymentPostprocessing = 0;
		};
/* End PBXFrameworksBuildPhase section */

/* Begin PBXGroup section */
		6E7F8AB91BF9985000FC9C8D /* DYSM */ = {
			isa = PBXGroup;
			children = (
				6E7F8AB41BF9985000FC9C8D /* JTSImage.framework.dSYM */,
				6E7F8AB51BF9985000FC9C8D /* b64.framework.dSYM */,
				6E7F8AB61BF9985000FC9C8D /* JGProgressHUD.framework.dSYM */,
				6E7F8AB71BF9985000FC9C8D /* JSON.framework.dSYM */,
				6E7F8AB81BF9985000FC9C8D /* SwiftFoundation.framework.dSYM */,
			);
			name = DYSM;
			sourceTree = "<group>";
		};
		6E7F8ABB1BF9985000FC9C8D /* Frameworks */ = {
			isa = PBXGroup;
			children = (
				6E7F8AAD1BF9985000FC9C8D /* MapKit.framework */,
				6E7F8AAE1BF9985000FC9C8D /* CloudKit.framework */,
				6E7F8AAF1BF9985000FC9C8D /* b64.framework */,
				6E7F8AB01BF9985000FC9C8D /* JGProgressHUD.framework */,
				6E7F8AB11BF9985000FC9C8D /* JSON.framework */,
				6E7F8AB21BF9985000FC9C8D /* SwiftFoundation.framework */,
				6E7F8AB31BF9985000FC9C8D /* JTSImage.framework */,
				6E7F8AB91BF9985000FC9C8D /* DYSM */,
				6E7F8ABA1BF9985000FC9C8D /* CoreCatalog.xcodeproj */,
			);
			name = Frameworks;
			path = ../Catalog;
			sourceTree = "<group>";
		};
		6EE3FB931BEEF5F900C9CC3B = {
			isa = PBXGroup;
			children = (
				6E7F8ABB1BF9985000FC9C8D /* Frameworks */,
				6EE3FB9E1BEEF5F900C9CC3B /* CatalogAdmin */,
				6EE3FBB31BEEF5F900C9CC3B /* CatalogAdminUITests */,
				6EE3FB9D1BEEF5F900C9CC3B /* Products */,
			);
			sourceTree = "<group>";
		};
		6EE3FB9D1BEEF5F900C9CC3B /* Products */ = {
			isa = PBXGroup;
			children = (
				6EE3FB9C1BEEF5F900C9CC3B /* CatalogAdmin.app */,
				6EE3FBB01BEEF5F900C9CC3B /* CatalogAdminUITests.xctest */,
			);
			name = Products;
			sourceTree = "<group>";
		};
		6EE3FB9E1BEEF5F900C9CC3B /* CatalogAdmin */ = {
			isa = PBXGroup;
			children = (
				6EFC75D11BF58593002A4822 /* CatalogAdmin.entitlements */,
				6EE3FB9F1BEEF5F900C9CC3B /* AppDelegate.swift */,
				6EE3FBA11BEEF5F900C9CC3B /* ViewController.swift */,
				6ED615041C0032A600DB75C2 /* Cache.swift */,
				6ED615061C00395700DB75C2 /* Preferences.swift */,
				6ED615081C00396D00DB75C2 /* Version.swift */,
				6ED6150A1C00397500DB75C2 /* ErrorAlert.swift */,
				6ED6150C1C00397F00DB75C2 /* LocalizedText.swift */,
				6ED6150D1C00397F00DB75C2 /* LocalizedDescription.swift */,
				6ED615101C003E2F00DB75C2 /* MainQueue.swift */,
				6ED615211C00541100DB75C2 /* R.generated.swift */,
				6EE3FBA31BEEF5F900C9CC3B /* Main.storyboard */,
				6ED614F91C00245F00DB75C2 /* NewStoreViewController.swift */,
				6EE3FBA61BEEF5F900C9CC3B /* Assets.xcassets */,
				6EE3FBA81BEEF5F900C9CC3B /* LaunchScreen.storyboard */,
				6EE3FBAB1BEEF5F900C9CC3B /* Info.plist */,
			);
			path = CatalogAdmin;
			sourceTree = "<group>";
		};
		6EE3FBB31BEEF5F900C9CC3B /* CatalogAdminUITests */ = {
			isa = PBXGroup;
			children = (
				6EE3FBB41BEEF5F900C9CC3B /* CatalogAdminUITests.swift */,
				6EE3FBB61BEEF5F900C9CC3B /* Info.plist */,
			);
			path = CatalogAdminUITests;
			sourceTree = "<group>";
		};
		6EFD849B1BFA20230015975F /* Products */ = {
			isa = PBXGroup;
			children = (
				6EFD84A11BFA20230015975F /* CoreCatalog.framework */,
				6EFD84A31BFA20230015975F /* CoreCatalogTests.xctest */,
				6EFD84A51BFA20230015975F /* CoreCatalog.framework */,
			);
			name = Products;
			sourceTree = "<group>";
		};
/* End PBXGroup section */

/* Begin PBXNativeTarget section */
		6EE3FB9B1BEEF5F900C9CC3B /* CatalogAdmin */ = {
			isa = PBXNativeTarget;
			buildConfigurationList = 6EE3FBB91BEEF5F900C9CC3B /* Build configuration list for PBXNativeTarget "CatalogAdmin" */;
			buildPhases = (
				6EE3FB981BEEF5F900C9CC3B /* Sources */,
				6EE3FB991BEEF5F900C9CC3B /* Frameworks */,
				6EE3FB9A1BEEF5F900C9CC3B /* Resources */,
				6ED615171C00531500DB75C2 /* Embed Frameworks */,
				6ED615121C0052F800DB75C2 /* Increment Build */,
				6ED615181C00532B00DB75C2 /* Copy Frameworks */,
				6ED6151B1C00539400DB75C2 /* Copy Debug Symbols */,
			);
			buildRules = (
			);
			dependencies = (
				6ED6151A1C00538E00DB75C2 /* PBXTargetDependency */,
				6ED614FF1C002CB400DB75C2 /* PBXTargetDependency */,
				6ED615161C00531500DB75C2 /* PBXTargetDependency */,
			);
			name = CatalogAdmin;
			productName = CatalogAdmin;
			productReference = 6EE3FB9C1BEEF5F900C9CC3B /* CatalogAdmin.app */;
			productType = "com.apple.product-type.application";
		};
		6EE3FBAF1BEEF5F900C9CC3B /* CatalogAdminUITests */ = {
			isa = PBXNativeTarget;
			buildConfigurationList = 6EE3FBBC1BEEF5F900C9CC3B /* Build configuration list for PBXNativeTarget "CatalogAdminUITests" */;
			buildPhases = (
				6EE3FBAC1BEEF5F900C9CC3B /* Sources */,
				6EE3FBAD1BEEF5F900C9CC3B /* Frameworks */,
				6EE3FBAE1BEEF5F900C9CC3B /* Resources */,
			);
			buildRules = (
			);
			dependencies = (
				6EE3FBB21BEEF5F900C9CC3B /* PBXTargetDependency */,
			);
			name = CatalogAdminUITests;
			productName = CatalogAdminUITests;
			productReference = 6EE3FBB01BEEF5F900C9CC3B /* CatalogAdminUITests.xctest */;
			productType = "com.apple.product-type.bundle.ui-testing";
		};
/* End PBXNativeTarget section */

/* Begin PBXProject section */
		6EE3FB941BEEF5F900C9CC3B /* Project object */ = {
			isa = PBXProject;
			attributes = {
				LastSwiftUpdateCheck = 0710;
				LastUpgradeCheck = 0710;
				ORGANIZATIONNAME = ColemanCDA;
				TargetAttributes = {
					6E7F8AA81BF997EC00FC9C8D = {
						CreatedOnToolsVersion = 7.1;
					};
					6EE3FB9B1BEEF5F900C9CC3B = {
						CreatedOnToolsVersion = 7.1;
						DevelopmentTeam = 4W79SG34MW;
						SystemCapabilities = {
							com.apple.iCloud = {
								enabled = 1;
							};
						};
					};
					6EE3FBAF1BEEF5F900C9CC3B = {
						CreatedOnToolsVersion = 7.1;
						TestTargetID = 6EE3FB9B1BEEF5F900C9CC3B;
					};
				};
			};
			buildConfigurationList = 6EE3FB971BEEF5F900C9CC3B /* Build configuration list for PBXProject "CatalogAdmin" */;
			compatibilityVersion = "Xcode 3.2";
			developmentRegion = English;
			hasScannedForEncodings = 0;
			knownRegions = (
				en,
				Base,
			);
			mainGroup = 6EE3FB931BEEF5F900C9CC3B;
			productRefGroup = 6EE3FB9D1BEEF5F900C9CC3B /* Products */;
			projectDirPath = "";
			projectReferences = (
				{
					ProductGroup = 6EFD849B1BFA20230015975F /* Products */;
					ProjectRef = 6E7F8ABA1BF9985000FC9C8D /* CoreCatalog.xcodeproj */;
				},
			);
			projectRoot = "";
			targets = (
				6EE3FB9B1BEEF5F900C9CC3B /* CatalogAdmin */,
				6EE3FBAF1BEEF5F900C9CC3B /* CatalogAdminUITests */,
				6E7F8AA81BF997EC00FC9C8D /* R.Swift */,
			);
		};
/* End PBXProject section */

/* Begin PBXReferenceProxy section */
		6EFD84A11BFA20230015975F /* CoreCatalog.framework */ = {
			isa = PBXReferenceProxy;
			fileType = wrapper.framework;
			path = CoreCatalog.framework;
			remoteRef = 6EFD84A01BFA20230015975F /* PBXContainerItemProxy */;
			sourceTree = BUILT_PRODUCTS_DIR;
		};
		6EFD84A31BFA20230015975F /* CoreCatalogTests.xctest */ = {
			isa = PBXReferenceProxy;
			fileType = wrapper.cfbundle;
			path = CoreCatalogTests.xctest;
			remoteRef = 6EFD84A21BFA20230015975F /* PBXContainerItemProxy */;
			sourceTree = BUILT_PRODUCTS_DIR;
		};
		6EFD84A51BFA20230015975F /* CoreCatalog.framework */ = {
			isa = PBXReferenceProxy;
			fileType = wrapper.framework;
			path = CoreCatalog.framework;
			remoteRef = 6EFD84A41BFA20230015975F /* PBXContainerItemProxy */;
			sourceTree = BUILT_PRODUCTS_DIR;
		};
/* End PBXReferenceProxy section */

/* Begin PBXResourcesBuildPhase section */
		6EE3FB9A1BEEF5F900C9CC3B /* Resources */ = {
			isa = PBXResourcesBuildPhase;
			buildActionMask = 2147483647;
			files = (
				6EE3FBAA1BEEF5F900C9CC3B /* LaunchScreen.storyboard in Resources */,
				6EE3FBA71BEEF5F900C9CC3B /* Assets.xcassets in Resources */,
				6EE3FBA51BEEF5F900C9CC3B /* Main.storyboard in Resources */,
			);
			runOnlyForDeploymentPostprocessing = 0;
		};
		6EE3FBAE1BEEF5F900C9CC3B /* Resources */ = {
			isa = PBXResourcesBuildPhase;
			buildActionMask = 2147483647;
			files = (
			);
			runOnlyForDeploymentPostprocessing = 0;
		};
/* End PBXResourcesBuildPhase section */

/* Begin PBXShellScriptBuildPhase section */
		6E7F8AAC1BF997F500FC9C8D /* Run Script */ = {
			isa = PBXShellScriptBuildPhase;
			buildActionMask = 2147483647;
			files = (
			);
			inputPaths = (
			);
			name = "Run Script";
			outputPaths = (
			);
			runOnlyForDeploymentPostprocessing = 0;
			shellPath = /bin/sh;
			shellScript = "\"$SRCROOT/rswift\" \"$SRCROOT\"";
		};
		6ED615121C0052F800DB75C2 /* Increment Build */ = {
			isa = PBXShellScriptBuildPhase;
			buildActionMask = 2147483647;
			files = (
			);
			inputPaths = (
			);
			name = "Increment Build";
			outputPaths = (
			);
			runOnlyForDeploymentPostprocessing = 0;
			shellPath = /bin/sh;
			shellScript = "#!/bin/bash\n\n#  update_build_number.sh\n#  Usage: `update_build_number.sh [branch]`\n#  Run this script after the 'Copy Bundle Resources' build phase\n#  Ref: http://tgoode.com/2014/06/05/sensible-way-increment-bundle-version-cfbundleversion-xcode/\n\nif [ $TRAVIS == \"true\" ]\nthen echo \"Updating build number to TRAVISCI.\"\n/usr/libexec/PlistBuddy -c \"Set :CFBundleVersion TRAVISCI\" \"${TARGET_BUILD_DIR}/${INFOPLIST_PATH}\"\nelse branch=${1:-'develop'}\nbuildNumber=$(expr $(git rev-list $branch --count) - $(git rev-list HEAD..$branch --count))\necho \"Updating build number to $buildNumber using branch '$branch'.\"\n/usr/libexec/PlistBuddy -c \"Set :CFBundleVersion $buildNumber\" \"${TARGET_BUILD_DIR}/${INFOPLIST_PATH}\"\nfi";
		};
		6ED615181C00532B00DB75C2 /* Copy Frameworks */ = {
			isa = PBXShellScriptBuildPhase;
			buildActionMask = 2147483647;
			files = (
			);
			inputPaths = (
				"$(SRCROOT)/../Carthage/Build/iOS/JGProgressHUD.framework",
				"$(SRCROOT)/../Carthage/Build/iOS/SwiftFoundation.framework",
				"$(SRCROOT)/../Carthage/Build/iOS/JSON.framework",
				"$(SRCROOT)/../Carthage/Build/iOS/b64.framework",
				"$(SRCROOT)/../Carthage/Build/iOS/JTSImage.framework",
			);
			name = "Copy Frameworks";
			outputPaths = (
			);
			runOnlyForDeploymentPostprocessing = 0;
			shellPath = /bin/sh;
			shellScript = "cd ../\n/usr/local/bin/carthage copy-frameworks";
		};
/* End PBXShellScriptBuildPhase section */

/* Begin PBXSourcesBuildPhase section */
		6EE3FB981BEEF5F900C9CC3B /* Sources */ = {
			isa = PBXSourcesBuildPhase;
			buildActionMask = 2147483647;
			files = (
				6ED614FA1C00245F00DB75C2 /* NewStoreViewController.swift in Sources */,
				6EE3FBA21BEEF5F900C9CC3B /* ViewController.swift in Sources */,
				6ED6150E1C00397F00DB75C2 /* LocalizedText.swift in Sources */,
				6ED615071C00395700DB75C2 /* Preferences.swift in Sources */,
				6ED615111C003E2F00DB75C2 /* MainQueue.swift in Sources */,
				6ED6150F1C00397F00DB75C2 /* LocalizedDescription.swift in Sources */,
				6ED615051C0032A600DB75C2 /* Cache.swift in Sources */,
				6ED615091C00396D00DB75C2 /* Version.swift in Sources */,
				6EE3FBA01BEEF5F900C9CC3B /* AppDelegate.swift in Sources */,
				6ED615221C00541100DB75C2 /* R.generated.swift in Sources */,
				6ED6150B1C00397500DB75C2 /* ErrorAlert.swift in Sources */,
			);
			runOnlyForDeploymentPostprocessing = 0;
		};
		6EE3FBAC1BEEF5F900C9CC3B /* Sources */ = {
			isa = PBXSourcesBuildPhase;
			buildActionMask = 2147483647;
			files = (
				6EE3FBB51BEEF5F900C9CC3B /* CatalogAdminUITests.swift in Sources */,
			);
			runOnlyForDeploymentPostprocessing = 0;
		};
/* End PBXSourcesBuildPhase section */

/* Begin PBXTargetDependency section */
		6ED614FF1C002CB400DB75C2 /* PBXTargetDependency */ = {
			isa = PBXTargetDependency;
			name = "CoreCatalog iOS";
			targetProxy = 6ED614FE1C002CB400DB75C2 /* PBXContainerItemProxy */;
		};
		6ED615161C00531500DB75C2 /* PBXTargetDependency */ = {
			isa = PBXTargetDependency;
			name = "CoreCatalog iOS";
			targetProxy = 6ED615151C00531500DB75C2 /* PBXContainerItemProxy */;
		};
		6ED6151A1C00538E00DB75C2 /* PBXTargetDependency */ = {
			isa = PBXTargetDependency;
			target = 6E7F8AA81BF997EC00FC9C8D /* R.Swift */;
			targetProxy = 6ED615191C00538E00DB75C2 /* PBXContainerItemProxy */;
		};
		6EE3FBB21BEEF5F900C9CC3B /* PBXTargetDependency */ = {
			isa = PBXTargetDependency;
			target = 6EE3FB9B1BEEF5F900C9CC3B /* CatalogAdmin */;
			targetProxy = 6EE3FBB11BEEF5F900C9CC3B /* PBXContainerItemProxy */;
		};
/* End PBXTargetDependency section */

/* Begin PBXVariantGroup section */
		6EE3FBA31BEEF5F900C9CC3B /* Main.storyboard */ = {
			isa = PBXVariantGroup;
			children = (
				6EE3FBA41BEEF5F900C9CC3B /* Base */,
			);
			name = Main.storyboard;
			sourceTree = "<group>";
		};
		6EE3FBA81BEEF5F900C9CC3B /* LaunchScreen.storyboard */ = {
			isa = PBXVariantGroup;
			children = (
				6EE3FBA91BEEF5F900C9CC3B /* Base */,
			);
			name = LaunchScreen.storyboard;
			sourceTree = "<group>";
		};
/* End PBXVariantGroup section */

/* Begin XCBuildConfiguration section */
		6E7F8AA91BF997EC00FC9C8D /* Debug */ = {
			isa = XCBuildConfiguration;
			buildSettings = {
				PRODUCT_NAME = "$(TARGET_NAME)";
			};
			name = Debug;
		};
		6E7F8AAA1BF997EC00FC9C8D /* Release */ = {
			isa = XCBuildConfiguration;
			buildSettings = {
				PRODUCT_NAME = "$(TARGET_NAME)";
			};
			name = Release;
		};
		6EE3FBB71BEEF5F900C9CC3B /* Debug */ = {
			isa = XCBuildConfiguration;
			buildSettings = {
				ALWAYS_SEARCH_USER_PATHS = NO;
				CLANG_CXX_LANGUAGE_STANDARD = "gnu++0x";
				CLANG_CXX_LIBRARY = "libc++";
				CLANG_ENABLE_MODULES = YES;
				CLANG_ENABLE_OBJC_ARC = YES;
				CLANG_WARN_BOOL_CONVERSION = YES;
				CLANG_WARN_CONSTANT_CONVERSION = YES;
				CLANG_WARN_DIRECT_OBJC_ISA_USAGE = YES_ERROR;
				CLANG_WARN_EMPTY_BODY = YES;
				CLANG_WARN_ENUM_CONVERSION = YES;
				CLANG_WARN_INT_CONVERSION = YES;
				CLANG_WARN_OBJC_ROOT_CLASS = YES_ERROR;
				CLANG_WARN_UNREACHABLE_CODE = YES;
				CLANG_WARN__DUPLICATE_METHOD_MATCH = YES;
				"CODE_SIGN_IDENTITY[sdk=iphoneos*]" = "iPhone Developer";
				COPY_PHASE_STRIP = NO;
				DEBUG_INFORMATION_FORMAT = dwarf;
				ENABLE_STRICT_OBJC_MSGSEND = YES;
				ENABLE_TESTABILITY = YES;
				GCC_C_LANGUAGE_STANDARD = gnu99;
				GCC_DYNAMIC_NO_PIC = NO;
				GCC_NO_COMMON_BLOCKS = YES;
				GCC_OPTIMIZATION_LEVEL = 0;
				GCC_PREPROCESSOR_DEFINITIONS = (
					"DEBUG=1",
					"$(inherited)",
				);
				GCC_WARN_64_TO_32_BIT_CONVERSION = YES;
				GCC_WARN_ABOUT_RETURN_TYPE = YES_ERROR;
				GCC_WARN_UNDECLARED_SELECTOR = YES;
				GCC_WARN_UNINITIALIZED_AUTOS = YES_AGGRESSIVE;
				GCC_WARN_UNUSED_FUNCTION = YES;
				GCC_WARN_UNUSED_VARIABLE = YES;
				IPHONEOS_DEPLOYMENT_TARGET = 8.0;
				MTL_ENABLE_DEBUG_INFO = YES;
				ONLY_ACTIVE_ARCH = YES;
				SDKROOT = iphoneos;
				SWIFT_OPTIMIZATION_LEVEL = "-Onone";
				TARGETED_DEVICE_FAMILY = "1,2";
			};
			name = Debug;
		};
		6EE3FBB81BEEF5F900C9CC3B /* Release */ = {
			isa = XCBuildConfiguration;
			buildSettings = {
				ALWAYS_SEARCH_USER_PATHS = NO;
				CLANG_CXX_LANGUAGE_STANDARD = "gnu++0x";
				CLANG_CXX_LIBRARY = "libc++";
				CLANG_ENABLE_MODULES = YES;
				CLANG_ENABLE_OBJC_ARC = YES;
				CLANG_WARN_BOOL_CONVERSION = YES;
				CLANG_WARN_CONSTANT_CONVERSION = YES;
				CLANG_WARN_DIRECT_OBJC_ISA_USAGE = YES_ERROR;
				CLANG_WARN_EMPTY_BODY = YES;
				CLANG_WARN_ENUM_CONVERSION = YES;
				CLANG_WARN_INT_CONVERSION = YES;
				CLANG_WARN_OBJC_ROOT_CLASS = YES_ERROR;
				CLANG_WARN_UNREACHABLE_CODE = YES;
				CLANG_WARN__DUPLICATE_METHOD_MATCH = YES;
				"CODE_SIGN_IDENTITY[sdk=iphoneos*]" = "iPhone Developer";
				COPY_PHASE_STRIP = NO;
				DEBUG_INFORMATION_FORMAT = "dwarf-with-dsym";
				ENABLE_NS_ASSERTIONS = NO;
				ENABLE_STRICT_OBJC_MSGSEND = YES;
				GCC_C_LANGUAGE_STANDARD = gnu99;
				GCC_NO_COMMON_BLOCKS = YES;
				GCC_WARN_64_TO_32_BIT_CONVERSION = YES;
				GCC_WARN_ABOUT_RETURN_TYPE = YES_ERROR;
				GCC_WARN_UNDECLARED_SELECTOR = YES;
				GCC_WARN_UNINITIALIZED_AUTOS = YES_AGGRESSIVE;
				GCC_WARN_UNUSED_FUNCTION = YES;
				GCC_WARN_UNUSED_VARIABLE = YES;
				IPHONEOS_DEPLOYMENT_TARGET = 8.0;
				MTL_ENABLE_DEBUG_INFO = NO;
				SDKROOT = iphoneos;
				TARGETED_DEVICE_FAMILY = "1,2";
				VALIDATE_PRODUCT = YES;
			};
			name = Release;
		};
		6EE3FBBA1BEEF5F900C9CC3B /* Debug */ = {
			isa = XCBuildConfiguration;
			buildSettings = {
				ASSETCATALOG_COMPILER_APPICON_NAME = AppIcon;
				CODE_SIGN_ENTITLEMENTS = CatalogAdmin/CatalogAdmin.entitlements;
				CODE_SIGN_IDENTITY = "iPhone Developer";
				"CODE_SIGN_IDENTITY[sdk=iphoneos*]" = "iPhone Developer";
				EMBEDDED_CONTENT_CONTAINS_SWIFT = YES;
				FRAMEWORK_SEARCH_PATHS = (
					"$(inherited)",
					"$(PROJECT_DIR)",
					$SRCROOT/../Carthage/Build/iOS,
				);
				INFOPLIST_FILE = CatalogAdmin/Info.plist;
				LD_RUNPATH_SEARCH_PATHS = "$(inherited) @executable_path/Frameworks";
				PRODUCT_BUNDLE_IDENTIFIER = com.colemancda.CatalogAdmin;
				PRODUCT_NAME = "$(TARGET_NAME)";
				PROVISIONING_PROFILE = "";
				TARGETED_DEVICE_FAMILY = "1,2";
			};
			name = Debug;
		};
		6EE3FBBB1BEEF5F900C9CC3B /* Release */ = {
			isa = XCBuildConfiguration;
			buildSettings = {
				ASSETCATALOG_COMPILER_APPICON_NAME = AppIcon;
				CODE_SIGN_ENTITLEMENTS = CatalogAdmin/CatalogAdmin.entitlements;
				CODE_SIGN_IDENTITY = "iPhone Developer";
				"CODE_SIGN_IDENTITY[sdk=iphoneos*]" = "iPhone Developer";
				EMBEDDED_CONTENT_CONTAINS_SWIFT = YES;
				FRAMEWORK_SEARCH_PATHS = (
					"$(inherited)",
					"$(PROJECT_DIR)",
					$SRCROOT/../Carthage/Build/iOS,
				);
				INFOPLIST_FILE = CatalogAdmin/Info.plist;
				LD_RUNPATH_SEARCH_PATHS = "$(inherited) @executable_path/Frameworks";
				PRODUCT_BUNDLE_IDENTIFIER = com.colemancda.CatalogAdmin;
				PRODUCT_NAME = "$(TARGET_NAME)";
				PROVISIONING_PROFILE = "";
				TARGETED_DEVICE_FAMILY = "1,2";
			};
			name = Release;
		};
		6EE3FBBD1BEEF5F900C9CC3B /* Debug */ = {
			isa = XCBuildConfiguration;
			buildSettings = {
				INFOPLIST_FILE = CatalogAdminUITests/Info.plist;
				LD_RUNPATH_SEARCH_PATHS = "$(inherited) @executable_path/Frameworks @loader_path/Frameworks";
				PRODUCT_BUNDLE_IDENTIFIER = com.colemancda.CatalogAdminUITests;
				PRODUCT_NAME = "$(TARGET_NAME)";
				TEST_TARGET_NAME = CatalogAdmin;
				USES_XCTRUNNER = YES;
			};
			name = Debug;
		};
		6EE3FBBE1BEEF5F900C9CC3B /* Release */ = {
			isa = XCBuildConfiguration;
			buildSettings = {
				INFOPLIST_FILE = CatalogAdminUITests/Info.plist;
				LD_RUNPATH_SEARCH_PATHS = "$(inherited) @executable_path/Frameworks @loader_path/Frameworks";
				PRODUCT_BUNDLE_IDENTIFIER = com.colemancda.CatalogAdminUITests;
				PRODUCT_NAME = "$(TARGET_NAME)";
				TEST_TARGET_NAME = CatalogAdmin;
				USES_XCTRUNNER = YES;
			};
			name = Release;
		};
/* End XCBuildConfiguration section */

/* Begin XCConfigurationList section */
		6E7F8AAB1BF997EC00FC9C8D /* Build configuration list for PBXAggregateTarget "R.Swift" */ = {
			isa = XCConfigurationList;
			buildConfigurations = (
				6E7F8AA91BF997EC00FC9C8D /* Debug */,
				6E7F8AAA1BF997EC00FC9C8D /* Release */,
			);
			defaultConfigurationIsVisible = 0;
			defaultConfigurationName = Release;
		};
		6EE3FB971BEEF5F900C9CC3B /* Build configuration list for PBXProject "CatalogAdmin" */ = {
			isa = XCConfigurationList;
			buildConfigurations = (
				6EE3FBB71BEEF5F900C9CC3B /* Debug */,
				6EE3FBB81BEEF5F900C9CC3B /* Release */,
			);
			defaultConfigurationIsVisible = 0;
			defaultConfigurationName = Release;
		};
		6EE3FBB91BEEF5F900C9CC3B /* Build configuration list for PBXNativeTarget "CatalogAdmin" */ = {
			isa = XCConfigurationList;
			buildConfigurations = (
				6EE3FBBA1BEEF5F900C9CC3B /* Debug */,
				6EE3FBBB1BEEF5F900C9CC3B /* Release */,
			);
			defaultConfigurationIsVisible = 0;
			defaultConfigurationName = Release;
		};
		6EE3FBBC1BEEF5F900C9CC3B /* Build configuration list for PBXNativeTarget "CatalogAdminUITests" */ = {
			isa = XCConfigurationList;
			buildConfigurations = (
				6EE3FBBD1BEEF5F900C9CC3B /* Debug */,
				6EE3FBBE1BEEF5F900C9CC3B /* Release */,
			);
			defaultConfigurationIsVisible = 0;
			defaultConfigurationName = Release;
		};
/* End XCConfigurationList section */
	};
	rootObject = 6EE3FB941BEEF5F900C9CC3B /* Project object */;
}
