// !$*UTF8*$!
{
	archiveVersion = 1;
	classes = {
	};
	objectVersion = 46;
	objects = {

/* Begin PBXBuildFile section */
		6EE3FBDC1BEFF97B00C9CC3B /* AppDelegate.swift in Sources */ = {isa = PBXBuildFile; fileRef = 6EE3FBDB1BEFF97B00C9CC3B /* AppDelegate.swift */; };
		6EE3FBDE1BEFF97B00C9CC3B /* ViewController.swift in Sources */ = {isa = PBXBuildFile; fileRef = 6EE3FBDD1BEFF97B00C9CC3B /* ViewController.swift */; };
		6EE3FBE01BEFF97B00C9CC3B /* Assets.xcassets in Resources */ = {isa = PBXBuildFile; fileRef = 6EE3FBDF1BEFF97B00C9CC3B /* Assets.xcassets */; };
		6EE3FBE31BEFF97B00C9CC3B /* Main.storyboard in Resources */ = {isa = PBXBuildFile; fileRef = 6EE3FBE11BEFF97B00C9CC3B /* Main.storyboard */; };
		6EFA72A01BF3860500C183F6 /* DarwinServer.swift in Sources */ = {isa = PBXBuildFile; fileRef = 6EFA729F1BF3860500C183F6 /* DarwinServer.swift */; };
		6EFA72A21BF3865800C183F6 /* ResourceID.swift in Sources */ = {isa = PBXBuildFile; fileRef = 6EFA72A11BF3865800C183F6 /* ResourceID.swift */; };
		6EFA72A41BF3866500C183F6 /* ServerManager.swift in Sources */ = {isa = PBXBuildFile; fileRef = 6EFA72A31BF3866500C183F6 /* ServerManager.swift */; };
		6EFA72A71BF3867D00C183F6 /* DarwinFile.swift in Sources */ = {isa = PBXBuildFile; fileRef = 6EFA72A61BF3867D00C183F6 /* DarwinFile.swift */; };
		6EFC75D01BF57F4F002A4822 /* Authentication.swift in Sources */ = {isa = PBXBuildFile; fileRef = 6EFC75CF1BF57F4F002A4822 /* Authentication.swift */; };
/* End PBXBuildFile section */

/* Begin PBXFileReference section */
		6EE3FBD81BEFF97B00C9CC3B /* CatalogServer.app */ = {isa = PBXFileReference; explicitFileType = wrapper.application; includeInIndex = 0; path = CatalogServer.app; sourceTree = BUILT_PRODUCTS_DIR; };
		6EE3FBDB1BEFF97B00C9CC3B /* AppDelegate.swift */ = {isa = PBXFileReference; lastKnownFileType = sourcecode.swift; path = AppDelegate.swift; sourceTree = "<group>"; };
		6EE3FBDD1BEFF97B00C9CC3B /* ViewController.swift */ = {isa = PBXFileReference; lastKnownFileType = sourcecode.swift; path = ViewController.swift; sourceTree = "<group>"; };
		6EE3FBDF1BEFF97B00C9CC3B /* Assets.xcassets */ = {isa = PBXFileReference; lastKnownFileType = folder.assetcatalog; path = Assets.xcassets; sourceTree = "<group>"; };
		6EE3FBE21BEFF97B00C9CC3B /* Base */ = {isa = PBXFileReference; lastKnownFileType = file.storyboard; name = Base; path = Base.lproj/Main.storyboard; sourceTree = "<group>"; };
		6EE3FBE41BEFF97B00C9CC3B /* Info.plist */ = {isa = PBXFileReference; lastKnownFileType = text.plist.xml; path = Info.plist; sourceTree = "<group>"; };
		6EFA729F1BF3860500C183F6 /* DarwinServer.swift */ = {isa = PBXFileReference; fileEncoding = 4; lastKnownFileType = sourcecode.swift; path = DarwinServer.swift; sourceTree = "<group>"; };
		6EFA72A11BF3865800C183F6 /* ResourceID.swift */ = {isa = PBXFileReference; fileEncoding = 4; lastKnownFileType = sourcecode.swift; path = ResourceID.swift; sourceTree = "<group>"; };
		6EFA72A31BF3866500C183F6 /* ServerManager.swift */ = {isa = PBXFileReference; fileEncoding = 4; lastKnownFileType = sourcecode.swift; path = ServerManager.swift; sourceTree = "<group>"; };
		6EFA72A61BF3867D00C183F6 /* DarwinFile.swift */ = {isa = PBXFileReference; fileEncoding = 4; lastKnownFileType = sourcecode.swift; path = DarwinFile.swift; sourceTree = "<group>"; };
		6EFC75CF1BF57F4F002A4822 /* Authentication.swift */ = {isa = PBXFileReference; fileEncoding = 4; lastKnownFileType = sourcecode.swift; path = Authentication.swift; sourceTree = "<group>"; };
/* End PBXFileReference section */

/* Begin PBXFrameworksBuildPhase section */
		6EE3FBD51BEFF97B00C9CC3B /* Frameworks */ = {
			isa = PBXFrameworksBuildPhase;
			buildActionMask = 2147483647;
			files = (
			);
			runOnlyForDeploymentPostprocessing = 0;
		};
/* End PBXFrameworksBuildPhase section */

/* Begin PBXGroup section */
		6EE3FBCF1BEFF97B00C9CC3B = {
			isa = PBXGroup;
			children = (
				6EE3FBDA1BEFF97B00C9CC3B /* CatalogServer */,
				6EE3FBD91BEFF97B00C9CC3B /* Products */,
			);
			sourceTree = "<group>";
		};
		6EE3FBD91BEFF97B00C9CC3B /* Products */ = {
			isa = PBXGroup;
			children = (
				6EE3FBD81BEFF97B00C9CC3B /* CatalogServer.app */,
			);
			name = Products;
			sourceTree = "<group>";
		};
		6EE3FBDA1BEFF97B00C9CC3B /* CatalogServer */ = {
			isa = PBXGroup;
			children = (
				6EE3FBDB1BEFF97B00C9CC3B /* AppDelegate.swift */,
				6EE3FBDD1BEFF97B00C9CC3B /* ViewController.swift */,
				6EFA72A51BF3866900C183F6 /* Server */,
				6EE3FBDF1BEFF97B00C9CC3B /* Assets.xcassets */,
				6EE3FBE11BEFF97B00C9CC3B /* Main.storyboard */,
				6EE3FBE41BEFF97B00C9CC3B /* Info.plist */,
			);
			path = CatalogServer;
			sourceTree = "<group>";
		};
		6EFA72A51BF3866900C183F6 /* Server */ = {
			isa = PBXGroup;
			children = (
				6EFA72A31BF3866500C183F6 /* ServerManager.swift */,
				6EFA72A11BF3865800C183F6 /* ResourceID.swift */,
				6EFC75CF1BF57F4F002A4822 /* Authentication.swift */,
				6EFA729F1BF3860500C183F6 /* DarwinServer.swift */,
				6EFA72A61BF3867D00C183F6 /* DarwinFile.swift */,
			);
			name = Server;
			sourceTree = "<group>";
		};
/* End PBXGroup section */

/* Begin PBXNativeTarget section */
		6EE3FBD71BEFF97B00C9CC3B /* CatalogServer */ = {
			isa = PBXNativeTarget;
			buildConfigurationList = 6EE3FBE71BEFF97B00C9CC3B /* Build configuration list for PBXNativeTarget "CatalogServer" */;
			buildPhases = (
				6EE3FBD41BEFF97B00C9CC3B /* Sources */,
				6EE3FBD51BEFF97B00C9CC3B /* Frameworks */,
				6EE3FBD61BEFF97B00C9CC3B /* Resources */,
			);
			buildRules = (
			);
			dependencies = (
			);
			name = CatalogServer;
			productName = CatalogServer;
			productReference = 6EE3FBD81BEFF97B00C9CC3B /* CatalogServer.app */;
			productType = "com.apple.product-type.application";
		};
/* End PBXNativeTarget section */

/* Begin PBXProject section */
		6EE3FBD01BEFF97B00C9CC3B /* Project object */ = {
			isa = PBXProject;
			attributes = {
				LastSwiftUpdateCheck = 0710;
				LastUpgradeCheck = 0710;
				ORGANIZATIONNAME = ColemanCDA;
				TargetAttributes = {
					6EE3FBD71BEFF97B00C9CC3B = {
						CreatedOnToolsVersion = 7.1;
					};
				};
			};
			buildConfigurationList = 6EE3FBD31BEFF97B00C9CC3B /* Build configuration list for PBXProject "CatalogServer" */;
			compatibilityVersion = "Xcode 3.2";
			developmentRegion = English;
			hasScannedForEncodings = 0;
			knownRegions = (
				en,
				Base,
			);
			mainGroup = 6EE3FBCF1BEFF97B00C9CC3B;
			productRefGroup = 6EE3FBD91BEFF97B00C9CC3B /* Products */;
			projectDirPath = "";
			projectRoot = "";
			targets = (
				6EE3FBD71BEFF97B00C9CC3B /* CatalogServer */,
			);
		};
/* End PBXProject section */

/* Begin PBXResourcesBuildPhase section */
		6EE3FBD61BEFF97B00C9CC3B /* Resources */ = {
			isa = PBXResourcesBuildPhase;
			buildActionMask = 2147483647;
			files = (
				6EE3FBE01BEFF97B00C9CC3B /* Assets.xcassets in Resources */,
				6EE3FBE31BEFF97B00C9CC3B /* Main.storyboard in Resources */,
			);
			runOnlyForDeploymentPostprocessing = 0;
		};
/* End PBXResourcesBuildPhase section */

/* Begin PBXSourcesBuildPhase section */
		6EE3FBD41BEFF97B00C9CC3B /* Sources */ = {
			isa = PBXSourcesBuildPhase;
			buildActionMask = 2147483647;
			files = (
				6EFC75D01BF57F4F002A4822 /* Authentication.swift in Sources */,
				6EFA72A71BF3867D00C183F6 /* DarwinFile.swift in Sources */,
				6EFA72A41BF3866500C183F6 /* ServerManager.swift in Sources */,
				6EFA72A21BF3865800C183F6 /* ResourceID.swift in Sources */,
				6EE3FBDE1BEFF97B00C9CC3B /* ViewController.swift in Sources */,
				6EFA72A01BF3860500C183F6 /* DarwinServer.swift in Sources */,
				6EE3FBDC1BEFF97B00C9CC3B /* AppDelegate.swift in Sources */,
			);
			runOnlyForDeploymentPostprocessing = 0;
		};
/* End PBXSourcesBuildPhase section */

/* Begin PBXVariantGroup section */
		6EE3FBE11BEFF97B00C9CC3B /* Main.storyboard */ = {
			isa = PBXVariantGroup;
			children = (
				6EE3FBE21BEFF97B00C9CC3B /* Base */,
			);
			name = Main.storyboard;
			sourceTree = "<group>";
		};
/* End PBXVariantGroup section */

/* Begin XCBuildConfiguration section */
		6EE3FBE51BEFF97B00C9CC3B /* Debug */ = {
			isa = XCBuildConfiguration;
			buildSettings = {
				ALWAYS_SEARCH_USER_PATHS = NO;
				CLANG_CXX_LANGUAGE_STANDARD = "gnu++0x";
				CLANG_CXX_LIBRARY = "libc++";
				CLANG_ENABLE_MODULES = YES;
				CLANG_ENABLE_OBJC_ARC = YES;
				CLANG_WARN_BOOL_CONVERSION = YES;
				CLANG_WARN_CONSTANT_CONVERSION = YES;
				CLANG_WARN_DIRECT_OBJC_ISA_USAGE = YES_ERROR;
				CLANG_WARN_EMPTY_BODY = YES;
				CLANG_WARN_ENUM_CONVERSION = YES;
				CLANG_WARN_INT_CONVERSION = YES;
				CLANG_WARN_OBJC_ROOT_CLASS = YES_ERROR;
				CLANG_WARN_UNREACHABLE_CODE = YES;
				CLANG_WARN__DUPLICATE_METHOD_MATCH = YES;
				CODE_SIGN_IDENTITY = "-";
				COPY_PHASE_STRIP = NO;
				DEBUG_INFORMATION_FORMAT = dwarf;
				ENABLE_STRICT_OBJC_MSGSEND = YES;
				ENABLE_TESTABILITY = YES;
				GCC_C_LANGUAGE_STANDARD = gnu99;
				GCC_DYNAMIC_NO_PIC = NO;
				GCC_NO_COMMON_BLOCKS = YES;
				GCC_OPTIMIZATION_LEVEL = 0;
				GCC_PREPROCESSOR_DEFINITIONS = (
					"DEBUG=1",
					"$(inherited)",
				);
				GCC_WARN_64_TO_32_BIT_CONVERSION = YES;
				GCC_WARN_ABOUT_RETURN_TYPE = YES_ERROR;
				GCC_WARN_UNDECLARED_SELECTOR = YES;
				GCC_WARN_UNINITIALIZED_AUTOS = YES_AGGRESSIVE;
				GCC_WARN_UNUSED_FUNCTION = YES;
				GCC_WARN_UNUSED_VARIABLE = YES;
				MACOSX_DEPLOYMENT_TARGET = 10.10;
				MTL_ENABLE_DEBUG_INFO = YES;
				ONLY_ACTIVE_ARCH = YES;
				SDKROOT = macosx;
				SWIFT_OPTIMIZATION_LEVEL = "-Onone";
			};
			name = Debug;
		};
		6EE3FBE61BEFF97B00C9CC3B /* Release */ = {
			isa = XCBuildConfiguration;
			buildSettings = {
				ALWAYS_SEARCH_USER_PATHS = NO;
				CLANG_CXX_LANGUAGE_STANDARD = "gnu++0x";
				CLANG_CXX_LIBRARY = "libc++";
				CLANG_ENABLE_MODULES = YES;
				CLANG_ENABLE_OBJC_ARC = YES;
				CLANG_WARN_BOOL_CONVERSION = YES;
				CLANG_WARN_CONSTANT_CONVERSION = YES;
				CLANG_WARN_DIRECT_OBJC_ISA_USAGE = YES_ERROR;
				CLANG_WARN_EMPTY_BODY = YES;
				CLANG_WARN_ENUM_CONVERSION = YES;
				CLANG_WARN_INT_CONVERSION = YES;
				CLANG_WARN_OBJC_ROOT_CLASS = YES_ERROR;
				CLANG_WARN_UNREACHABLE_CODE = YES;
				CLANG_WARN__DUPLICATE_METHOD_MATCH = YES;
				CODE_SIGN_IDENTITY = "-";
				COPY_PHASE_STRIP = NO;
				DEBUG_INFORMATION_FORMAT = "dwarf-with-dsym";
				ENABLE_NS_ASSERTIONS = NO;
				ENABLE_STRICT_OBJC_MSGSEND = YES;
				GCC_C_LANGUAGE_STANDARD = gnu99;
				GCC_NO_COMMON_BLOCKS = YES;
				GCC_WARN_64_TO_32_BIT_CONVERSION = YES;
				GCC_WARN_ABOUT_RETURN_TYPE = YES_ERROR;
				GCC_WARN_UNDECLARED_SELECTOR = YES;
				GCC_WARN_UNINITIALIZED_AUTOS = YES_AGGRESSIVE;
				GCC_WARN_UNUSED_FUNCTION = YES;
				GCC_WARN_UNUSED_VARIABLE = YES;
				MACOSX_DEPLOYMENT_TARGET = 10.10;
				MTL_ENABLE_DEBUG_INFO = NO;
				SDKROOT = macosx;
			};
			name = Release;
		};
		6EE3FBE81BEFF97B00C9CC3B /* Debug */ = {
			isa = XCBuildConfiguration;
			buildSettings = {
				ASSETCATALOG_COMPILER_APPICON_NAME = AppIcon;
				COMBINE_HIDPI_IMAGES = YES;
				FRAMEWORK_SEARCH_PATHS = (
					"$(inherited)",
					"$(PROJECT_DIR)",
					$SRCROOT/../Carthage/Build/Mac,
				);
				INFOPLIST_FILE = CatalogServer/Info.plist;
				LD_RUNPATH_SEARCH_PATHS = "$(inherited) @executable_path/../Frameworks";
				LIBRARY_SEARCH_PATHS = (
					$SRCROOT/../Carthage/Build/Mac/OpenSSL.framework/SharedFrameworks,
					"$(PROJECT_DIR)",
				);
				PRODUCT_BUNDLE_IDENTIFIER = com.colemancda.CatalogServer;
				PRODUCT_NAME = "$(TARGET_NAME)";
			};
			name = Debug;
		};
		6EE3FBE91BEFF97B00C9CC3B /* Release */ = {
			isa = XCBuildConfiguration;
			buildSettings = {
				ASSETCATALOG_COMPILER_APPICON_NAME = AppIcon;
				COMBINE_HIDPI_IMAGES = YES;
				FRAMEWORK_SEARCH_PATHS = (
					"$(inherited)",
					"$(PROJECT_DIR)",
					$SRCROOT/../Carthage/Build/Mac,
				);
				INFOPLIST_FILE = CatalogServer/Info.plist;
				LD_RUNPATH_SEARCH_PATHS = "$(inherited) @executable_path/../Frameworks";
				LIBRARY_SEARCH_PATHS = (
					$SRCROOT/../Carthage/Build/Mac/OpenSSL.framework/SharedFrameworks,
					"$(PROJECT_DIR)",
				);
				PRODUCT_BUNDLE_IDENTIFIER = com.colemancda.CatalogServer;
				PRODUCT_NAME = "$(TARGET_NAME)";
			};
			name = Release;
		};
/* End XCBuildConfiguration section */

/* Begin XCConfigurationList section */
		6EE3FBD31BEFF97B00C9CC3B /* Build configuration list for PBXProject "CatalogServer" */ = {
			isa = XCConfigurationList;
			buildConfigurations = (
				6EE3FBE51BEFF97B00C9CC3B /* Debug */,
				6EE3FBE61BEFF97B00C9CC3B /* Release */,
			);
			defaultConfigurationIsVisible = 0;
			defaultConfigurationName = Release;
		};
		6EE3FBE71BEFF97B00C9CC3B /* Build configuration list for PBXNativeTarget "CatalogServer" */ = {
			isa = XCConfigurationList;
			buildConfigurations = (
				6EE3FBE81BEFF97B00C9CC3B /* Debug */,
				6EE3FBE91BEFF97B00C9CC3B /* Release */,
			);
			defaultConfigurationIsVisible = 0;
			defaultConfigurationName = Release;
		};
/* End XCConfigurationList section */
	};
	rootObject = 6EE3FBD01BEFF97B00C9CC3B /* Project object */;
}
