// !$*UTF8*$!
{
	archiveVersion = 1;
	classes = {
	};
	objectVersion = 46;
	objects = {

/* Begin PBXBuildFile section */
		6EF0122C1BEAD6B3009B7ED0 /* AppDelegate.swift in Sources */ = {isa = PBXBuildFile; fileRef = 6EF0122B1BEAD6B3009B7ED0 /* AppDelegate.swift */; };
		6EF0122E1BEAD6B3009B7ED0 /* ViewController.swift in Sources */ = {isa = PBXBuildFile; fileRef = 6EF0122D1BEAD6B3009B7ED0 /* ViewController.swift */; };
		6EF012311BEAD6B3009B7ED0 /* Main.storyboard in Resources */ = {isa = PBXBuildFile; fileRef = 6EF0122F1BEAD6B3009B7ED0 /* Main.storyboard */; };
		6EF012331BEAD6B3009B7ED0 /* Assets.xcassets in Resources */ = {isa = PBXBuildFile; fileRef = 6EF012321BEAD6B3009B7ED0 /* Assets.xcassets */; };
		6EF012361BEAD6B3009B7ED0 /* LaunchScreen.storyboard in Resources */ = {isa = PBXBuildFile; fileRef = 6EF012341BEAD6B3009B7ED0 /* LaunchScreen.storyboard */; };
		6EF012411BEAD6B3009B7ED0 /* CompuPeruUITests.swift in Sources */ = {isa = PBXBuildFile; fileRef = 6EF012401BEAD6B3009B7ED0 /* CompuPeruUITests.swift */; };
/* End PBXBuildFile section */

/* Begin PBXContainerItemProxy section */
		6EF0123D1BEAD6B3009B7ED0 /* PBXContainerItemProxy */ = {
			isa = PBXContainerItemProxy;
			containerPortal = 6EF012201BEAD6B3009B7ED0 /* Project object */;
			proxyType = 1;
			remoteGlobalIDString = 6EF012271BEAD6B3009B7ED0;
			remoteInfo = CompuPeru;
		};
/* End PBXContainerItemProxy section */

/* Begin PBXFileReference section */
		6EF012281BEAD6B3009B7ED0 /* CompuPeru.app */ = {isa = PBXFileReference; explicitFileType = wrapper.application; includeInIndex = 0; path = CompuPeru.app; sourceTree = BUILT_PRODUCTS_DIR; };
		6EF0122B1BEAD6B3009B7ED0 /* AppDelegate.swift */ = {isa = PBXFileReference; lastKnownFileType = sourcecode.swift; path = AppDelegate.swift; sourceTree = "<group>"; };
		6EF0122D1BEAD6B3009B7ED0 /* ViewController.swift */ = {isa = PBXFileReference; lastKnownFileType = sourcecode.swift; path = ViewController.swift; sourceTree = "<group>"; };
		6EF012301BEAD6B3009B7ED0 /* Base */ = {isa = PBXFileReference; lastKnownFileType = file.storyboard; name = Base; path = Base.lproj/Main.storyboard; sourceTree = "<group>"; };
		6EF012321BEAD6B3009B7ED0 /* Assets.xcassets */ = {isa = PBXFileReference; lastKnownFileType = folder.assetcatalog; path = Assets.xcassets; sourceTree = "<group>"; };
		6EF012351BEAD6B3009B7ED0 /* Base */ = {isa = PBXFileReference; lastKnownFileType = file.storyboard; name = Base; path = Base.lproj/LaunchScreen.storyboard; sourceTree = "<group>"; };
		6EF012371BEAD6B3009B7ED0 /* Info.plist */ = {isa = PBXFileReference; lastKnownFileType = text.plist.xml; path = Info.plist; sourceTree = "<group>"; };
		6EF0123C1BEAD6B3009B7ED0 /* CompuPeruUITests.xctest */ = {isa = PBXFileReference; explicitFileType = wrapper.cfbundle; includeInIndex = 0; path = CompuPeruUITests.xctest; sourceTree = BUILT_PRODUCTS_DIR; };
		6EF012401BEAD6B3009B7ED0 /* CompuPeruUITests.swift */ = {isa = PBXFileReference; lastKnownFileType = sourcecode.swift; path = CompuPeruUITests.swift; sourceTree = "<group>"; };
		6EF012421BEAD6B3009B7ED0 /* Info.plist */ = {isa = PBXFileReference; lastKnownFileType = text.plist.xml; path = Info.plist; sourceTree = "<group>"; };
/* End PBXFileReference section */

/* Begin PBXFrameworksBuildPhase section */
		6EF012251BEAD6B3009B7ED0 /* Frameworks */ = {
			isa = PBXFrameworksBuildPhase;
			buildActionMask = 2147483647;
			files = (
			);
			runOnlyForDeploymentPostprocessing = 0;
		};
		6EF012391BEAD6B3009B7ED0 /* Frameworks */ = {
			isa = PBXFrameworksBuildPhase;
			buildActionMask = 2147483647;
			files = (
			);
			runOnlyForDeploymentPostprocessing = 0;
		};
/* End PBXFrameworksBuildPhase section */

/* Begin PBXGroup section */
		6EF0121F1BEAD6B3009B7ED0 = {
			isa = PBXGroup;
			children = (
				6EF0122A1BEAD6B3009B7ED0 /* CompuPeru */,
				6EF0123F1BEAD6B3009B7ED0 /* CompuPeruUITests */,
				6EF012291BEAD6B3009B7ED0 /* Products */,
			);
			sourceTree = "<group>";
		};
		6EF012291BEAD6B3009B7ED0 /* Products */ = {
			isa = PBXGroup;
			children = (
				6EF012281BEAD6B3009B7ED0 /* CompuPeru.app */,
				6EF0123C1BEAD6B3009B7ED0 /* CompuPeruUITests.xctest */,
			);
			name = Products;
			sourceTree = "<group>";
		};
		6EF0122A1BEAD6B3009B7ED0 /* CompuPeru */ = {
			isa = PBXGroup;
			children = (
				6EF0122B1BEAD6B3009B7ED0 /* AppDelegate.swift */,
				6EF0122D1BEAD6B3009B7ED0 /* ViewController.swift */,
				6EF0122F1BEAD6B3009B7ED0 /* Main.storyboard */,
				6EF012321BEAD6B3009B7ED0 /* Assets.xcassets */,
				6EF012341BEAD6B3009B7ED0 /* LaunchScreen.storyboard */,
				6EF012371BEAD6B3009B7ED0 /* Info.plist */,
			);
			path = CompuPeru;
			sourceTree = "<group>";
		};
		6EF0123F1BEAD6B3009B7ED0 /* CompuPeruUITests */ = {
			isa = PBXGroup;
			children = (
				6EF012401BEAD6B3009B7ED0 /* CompuPeruUITests.swift */,
				6EF012421BEAD6B3009B7ED0 /* Info.plist */,
			);
			path = CompuPeruUITests;
			sourceTree = "<group>";
		};
/* End PBXGroup section */

/* Begin PBXNativeTarget section */
		6EF012271BEAD6B3009B7ED0 /* CompuPeru */ = {
			isa = PBXNativeTarget;
			buildConfigurationList = 6EF012451BEAD6B3009B7ED0 /* Build configuration list for PBXNativeTarget "CompuPeru" */;
			buildPhases = (
				6EF012241BEAD6B3009B7ED0 /* Sources */,
				6EF012251BEAD6B3009B7ED0 /* Frameworks */,
				6EF012261BEAD6B3009B7ED0 /* Resources */,
			);
			buildRules = (
			);
			dependencies = (
			);
			name = CompuPeru;
			productName = CompuPeru;
			productReference = 6EF012281BEAD6B3009B7ED0 /* CompuPeru.app */;
			productType = "com.apple.product-type.application";
		};
		6EF0123B1BEAD6B3009B7ED0 /* CompuPeruUITests */ = {
			isa = PBXNativeTarget;
			buildConfigurationList = 6EF012481BEAD6B3009B7ED0 /* Build configuration list for PBXNativeTarget "CompuPeruUITests" */;
			buildPhases = (
				6EF012381BEAD6B3009B7ED0 /* Sources */,
				6EF012391BEAD6B3009B7ED0 /* Frameworks */,
				6EF0123A1BEAD6B3009B7ED0 /* Resources */,
			);
			buildRules = (
			);
			dependencies = (
				6EF0123E1BEAD6B3009B7ED0 /* PBXTargetDependency */,
			);
			name = CompuPeruUITests;
			productName = CompuPeruUITests;
			productReference = 6EF0123C1BEAD6B3009B7ED0 /* CompuPeruUITests.xctest */;
			productType = "com.apple.product-type.bundle.ui-testing";
		};
/* End PBXNativeTarget section */

/* Begin PBXProject section */
		6EF012201BEAD6B3009B7ED0 /* Project object */ = {
			isa = PBXProject;
			attributes = {
				LastSwiftUpdateCheck = 0710;
				LastUpgradeCheck = 0710;
				ORGANIZATIONNAME = ColemanCDA;
				TargetAttributes = {
					6EF012271BEAD6B3009B7ED0 = {
						CreatedOnToolsVersion = 7.1;
					};
					6EF0123B1BEAD6B3009B7ED0 = {
						CreatedOnToolsVersion = 7.1;
						TestTargetID = 6EF012271BEAD6B3009B7ED0;
					};
				};
			};
			buildConfigurationList = 6EF012231BEAD6B3009B7ED0 /* Build configuration list for PBXProject "CompuPeru" */;
			compatibilityVersion = "Xcode 3.2";
			developmentRegion = English;
			hasScannedForEncodings = 0;
			knownRegions = (
				en,
				Base,
			);
			mainGroup = 6EF0121F1BEAD6B3009B7ED0;
			productRefGroup = 6EF012291BEAD6B3009B7ED0 /* Products */;
			projectDirPath = "";
			projectRoot = "";
			targets = (
				6EF012271BEAD6B3009B7ED0 /* CompuPeru */,
				6EF0123B1BEAD6B3009B7ED0 /* CompuPeruUITests */,
			);
		};
/* End PBXProject section */

/* Begin PBXResourcesBuildPhase section */
		6EF012261BEAD6B3009B7ED0 /* Resources */ = {
			isa = PBXResourcesBuildPhase;
			buildActionMask = 2147483647;
			files = (
				6EF012361BEAD6B3009B7ED0 /* LaunchScreen.storyboard in Resources */,
				6EF012331BEAD6B3009B7ED0 /* Assets.xcassets in Resources */,
				6EF012311BEAD6B3009B7ED0 /* Main.storyboard in Resources */,
			);
			runOnlyForDeploymentPostprocessing = 0;
		};
		6EF0123A1BEAD6B3009B7ED0 /* Resources */ = {
			isa = PBXResourcesBuildPhase;
			buildActionMask = 2147483647;
			files = (
			);
			runOnlyForDeploymentPostprocessing = 0;
		};
/* End PBXResourcesBuildPhase section */

/* Begin PBXSourcesBuildPhase section */
		6EF012241BEAD6B3009B7ED0 /* Sources */ = {
			isa = PBXSourcesBuildPhase;
			buildActionMask = 2147483647;
			files = (
				6EF0122E1BEAD6B3009B7ED0 /* ViewController.swift in Sources */,
				6EF0122C1BEAD6B3009B7ED0 /* AppDelegate.swift in Sources */,
			);
			runOnlyForDeploymentPostprocessing = 0;
		};
		6EF012381BEAD6B3009B7ED0 /* Sources */ = {
			isa = PBXSourcesBuildPhase;
			buildActionMask = 2147483647;
			files = (
				6EF012411BEAD6B3009B7ED0 /* CompuPeruUITests.swift in Sources */,
			);
			runOnlyForDeploymentPostprocessing = 0;
		};
/* End PBXSourcesBuildPhase section */

/* Begin PBXTargetDependency section */
		6EF0123E1BEAD6B3009B7ED0 /* PBXTargetDependency */ = {
			isa = PBXTargetDependency;
			target = 6EF012271BEAD6B3009B7ED0 /* CompuPeru */;
			targetProxy = 6EF0123D1BEAD6B3009B7ED0 /* PBXContainerItemProxy */;
		};
/* End PBXTargetDependency section */

/* Begin PBXVariantGroup section */
		6EF0122F1BEAD6B3009B7ED0 /* Main.storyboard */ = {
			isa = PBXVariantGroup;
			children = (
				6EF012301BEAD6B3009B7ED0 /* Base */,
			);
			name = Main.storyboard;
			sourceTree = "<group>";
		};
		6EF012341BEAD6B3009B7ED0 /* LaunchScreen.storyboard */ = {
			isa = PBXVariantGroup;
			children = (
				6EF012351BEAD6B3009B7ED0 /* Base */,
			);
			name = LaunchScreen.storyboard;
			sourceTree = "<group>";
		};
/* End PBXVariantGroup section */

/* Begin XCBuildConfiguration section */
		6EF012431BEAD6B3009B7ED0 /* Debug */ = {
			isa = XCBuildConfiguration;
			buildSettings = {
				ALWAYS_SEARCH_USER_PATHS = NO;
				CLANG_CXX_LANGUAGE_STANDARD = "gnu++0x";
				CLANG_CXX_LIBRARY = "libc++";
				CLANG_ENABLE_MODULES = YES;
				CLANG_ENABLE_OBJC_ARC = YES;
				CLANG_WARN_BOOL_CONVERSION = YES;
				CLANG_WARN_CONSTANT_CONVERSION = YES;
				CLANG_WARN_DIRECT_OBJC_ISA_USAGE = YES_ERROR;
				CLANG_WARN_EMPTY_BODY = YES;
				CLANG_WARN_ENUM_CONVERSION = YES;
				CLANG_WARN_INT_CONVERSION = YES;
				CLANG_WARN_OBJC_ROOT_CLASS = YES_ERROR;
				CLANG_WARN_UNREACHABLE_CODE = YES;
				CLANG_WARN__DUPLICATE_METHOD_MATCH = YES;
				"CODE_SIGN_IDENTITY[sdk=iphoneos*]" = "iPhone Developer";
				COPY_PHASE_STRIP = NO;
				DEBUG_INFORMATION_FORMAT = dwarf;
				ENABLE_STRICT_OBJC_MSGSEND = YES;
				ENABLE_TESTABILITY = YES;
				GCC_C_LANGUAGE_STANDARD = gnu99;
				GCC_DYNAMIC_NO_PIC = NO;
				GCC_NO_COMMON_BLOCKS = YES;
				GCC_OPTIMIZATION_LEVEL = 0;
				GCC_PREPROCESSOR_DEFINITIONS = (
					"DEBUG=1",
					"$(inherited)",
				);
				GCC_WARN_64_TO_32_BIT_CONVERSION = YES;
				GCC_WARN_ABOUT_RETURN_TYPE = YES_ERROR;
				GCC_WARN_UNDECLARED_SELECTOR = YES;
				GCC_WARN_UNINITIALIZED_AUTOS = YES_AGGRESSIVE;
				GCC_WARN_UNUSED_FUNCTION = YES;
				GCC_WARN_UNUSED_VARIABLE = YES;
				IPHONEOS_DEPLOYMENT_TARGET = 9.1;
				MTL_ENABLE_DEBUG_INFO = YES;
				ONLY_ACTIVE_ARCH = YES;
				SDKROOT = iphoneos;
				SWIFT_OPTIMIZATION_LEVEL = "-Onone";
				TARGETED_DEVICE_FAMILY = "1,2";
			};
			name = Debug;
		};
		6EF012441BEAD6B3009B7ED0 /* Release */ = {
			isa = XCBuildConfiguration;
			buildSettings = {
				ALWAYS_SEARCH_USER_PATHS = NO;
				CLANG_CXX_LANGUAGE_STANDARD = "gnu++0x";
				CLANG_CXX_LIBRARY = "libc++";
				CLANG_ENABLE_MODULES = YES;
				CLANG_ENABLE_OBJC_ARC = YES;
				CLANG_WARN_BOOL_CONVERSION = YES;
				CLANG_WARN_CONSTANT_CONVERSION = YES;
				CLANG_WARN_DIRECT_OBJC_ISA_USAGE = YES_ERROR;
				CLANG_WARN_EMPTY_BODY = YES;
				CLANG_WARN_ENUM_CONVERSION = YES;
				CLANG_WARN_INT_CONVERSION = YES;
				CLANG_WARN_OBJC_ROOT_CLASS = YES_ERROR;
				CLANG_WARN_UNREACHABLE_CODE = YES;
				CLANG_WARN__DUPLICATE_METHOD_MATCH = YES;
				"CODE_SIGN_IDENTITY[sdk=iphoneos*]" = "iPhone Developer";
				COPY_PHASE_STRIP = NO;
				DEBUG_INFORMATION_FORMAT = "dwarf-with-dsym";
				ENABLE_NS_ASSERTIONS = NO;
				ENABLE_STRICT_OBJC_MSGSEND = YES;
				GCC_C_LANGUAGE_STANDARD = gnu99;
				GCC_NO_COMMON_BLOCKS = YES;
				GCC_WARN_64_TO_32_BIT_CONVERSION = YES;
				GCC_WARN_ABOUT_RETURN_TYPE = YES_ERROR;
				GCC_WARN_UNDECLARED_SELECTOR = YES;
				GCC_WARN_UNINITIALIZED_AUTOS = YES_AGGRESSIVE;
				GCC_WARN_UNUSED_FUNCTION = YES;
				GCC_WARN_UNUSED_VARIABLE = YES;
				IPHONEOS_DEPLOYMENT_TARGET = 9.1;
				MTL_ENABLE_DEBUG_INFO = NO;
				SDKROOT = iphoneos;
				TARGETED_DEVICE_FAMILY = "1,2";
				VALIDATE_PRODUCT = YES;
			};
			name = Release;
		};
		6EF012461BEAD6B3009B7ED0 /* Debug */ = {
			isa = XCBuildConfiguration;
			buildSettings = {
				ASSETCATALOG_COMPILER_APPICON_NAME = AppIcon;
				INFOPLIST_FILE = CompuPeru/Info.plist;
				IPHONEOS_DEPLOYMENT_TARGET = 8.0;
				LD_RUNPATH_SEARCH_PATHS = "$(inherited) @executable_path/Frameworks";
				PRODUCT_BUNDLE_IDENTIFIER = com.colemancda.CompuPeru;
				PRODUCT_NAME = "$(TARGET_NAME)";
			};
			name = Debug;
		};
		6EF012471BEAD6B3009B7ED0 /* Release */ = {
			isa = XCBuildConfiguration;
			buildSettings = {
				ASSETCATALOG_COMPILER_APPICON_NAME = AppIcon;
				INFOPLIST_FILE = CompuPeru/Info.plist;
				IPHONEOS_DEPLOYMENT_TARGET = 8.0;
				LD_RUNPATH_SEARCH_PATHS = "$(inherited) @executable_path/Frameworks";
				PRODUCT_BUNDLE_IDENTIFIER = com.colemancda.CompuPeru;
				PRODUCT_NAME = "$(TARGET_NAME)";
			};
			name = Release;
		};
		6EF012491BEAD6B3009B7ED0 /* Debug */ = {
			isa = XCBuildConfiguration;
			buildSettings = {
				INFOPLIST_FILE = CompuPeruUITests/Info.plist;
				LD_RUNPATH_SEARCH_PATHS = "$(inherited) @executable_path/Frameworks @loader_path/Frameworks";
				PRODUCT_BUNDLE_IDENTIFIER = com.colemancda.CompuPeruUITests;
				PRODUCT_NAME = "$(TARGET_NAME)";
				TEST_TARGET_NAME = CompuPeru;
				USES_XCTRUNNER = YES;
			};
			name = Debug;
		};
		6EF0124A1BEAD6B3009B7ED0 /* Release */ = {
			isa = XCBuildConfiguration;
			buildSettings = {
				INFOPLIST_FILE = CompuPeruUITests/Info.plist;
				LD_RUNPATH_SEARCH_PATHS = "$(inherited) @executable_path/Frameworks @loader_path/Frameworks";
				PRODUCT_BUNDLE_IDENTIFIER = com.colemancda.CompuPeruUITests;
				PRODUCT_NAME = "$(TARGET_NAME)";
				TEST_TARGET_NAME = CompuPeru;
				USES_XCTRUNNER = YES;
			};
			name = Release;
		};
/* End XCBuildConfiguration section */

/* Begin XCConfigurationList section */
		6EF012231BEAD6B3009B7ED0 /* Build configuration list for PBXProject "CompuPeru" */ = {
			isa = XCConfigurationList;
			buildConfigurations = (
				6EF012431BEAD6B3009B7ED0 /* Debug */,
				6EF012441BEAD6B3009B7ED0 /* Release */,
			);
			defaultConfigurationIsVisible = 0;
			defaultConfigurationName = Release;
		};
		6EF012451BEAD6B3009B7ED0 /* Build configuration list for PBXNativeTarget "CompuPeru" */ = {
			isa = XCConfigurationList;
			buildConfigurations = (
				6EF012461BEAD6B3009B7ED0 /* Debug */,
				6EF012471BEAD6B3009B7ED0 /* Release */,
			);
			defaultConfigurationIsVisible = 0;
		};
		6EF012481BEAD6B3009B7ED0 /* Build configuration list for PBXNativeTarget "CompuPeruUITests" */ = {
			isa = XCConfigurationList;
			buildConfigurations = (
				6EF012491BEAD6B3009B7ED0 /* Debug */,
				6EF0124A1BEAD6B3009B7ED0 /* Release */,
			);
			defaultConfigurationIsVisible = 0;
		};
/* End XCConfigurationList section */
	};
	rootObject = 6EF012201BEAD6B3009B7ED0 /* Project object */;
}
